// !$*UTF8*$!
{
	archiveVersion = 1;
	classes = {
	};
	objectVersion = 46;
	objects = {

/* Begin PBXBuildFile section */
		1D982BA21C1051EA008321C6 /* LeftSortsViewController.m in Sources */ = {isa = PBXBuildFile; fileRef = 1D982BA11C1051EA008321C6 /* LeftSortsViewController.m */; };
		1D982BA91C1054B7008321C6 /* LeftSlideViewController.m in Sources */ = {isa = PBXBuildFile; fileRef = 1D982BA61C1054B7008321C6 /* LeftSlideViewController.m */; };
		1D982BAA1C1054B7008321C6 /* UIView_extra.m in Sources */ = {isa = PBXBuildFile; fileRef = 1D982BA81C1054B7008321C6 /* UIView_extra.m */; };
		1DA192C01C12C028008CB4A5 /* UIDevice+Orientation.m in Sources */ = {isa = PBXBuildFile; fileRef = 1DA192BF1C12C028008CB4A5 /* UIDevice+Orientation.m */; };
		1DA192C31C12C82D008CB4A5 /* WebViewController.m in Sources */ = {isa = PBXBuildFile; fileRef = 1DA192C21C12C82D008CB4A5 /* WebViewController.m */; };
		1DA192C71C12CBE5008CB4A5 /* AGDragView.m in Sources */ = {isa = PBXBuildFile; fileRef = 1DA192C61C12CBE5008CB4A5 /* AGDragView.m */; };
		EB5B51A0AD174BB0F2245585 /* Pods.framework in Frameworks */ = {isa = PBXBuildFile; fileRef = 317941FEB199D8DF7C8D94B2 /* Pods.framework */; settings = {ATTRIBUTES = (Weak, ); }; };
		FF28B72C1BDCF4A60054C7B4 /* HttpClient.m in Sources */ = {isa = PBXBuildFile; fileRef = FF28B72B1BDCF4A60054C7B4 /* HttpClient.m */; };
		FF28B7321BDD0F6A0054C7B4 /* HPublicMethod.m in Sources */ = {isa = PBXBuildFile; fileRef = FF28B7311BDD0F6A0054C7B4 /* HPublicMethod.m */; };
		FF2B937E1BE479E00014DF39 /* NavPlayButton.m in Sources */ = {isa = PBXBuildFile; fileRef = FF2B937D1BE479E00014DF39 /* NavPlayButton.m */; };
		FF5608721BE5F1FE00BE2EDA /* SHDocumentsFile.m in Sources */ = {isa = PBXBuildFile; fileRef = FF56086B1BE5F1FE00BE2EDA /* SHDocumentsFile.m */; };
		FF5608731BE5F1FE00BE2EDA /* SHDownloader.m in Sources */ = {isa = PBXBuildFile; fileRef = FF56086D1BE5F1FE00BE2EDA /* SHDownloader.m */; };
		FF5608741BE5F1FE00BE2EDA /* SHFile.m in Sources */ = {isa = PBXBuildFile; fileRef = FF56086F1BE5F1FE00BE2EDA /* SHFile.m */; };
		FF5608751BE5F1FE00BE2EDA /* SHTemporaryFile.m in Sources */ = {isa = PBXBuildFile; fileRef = FF5608711BE5F1FE00BE2EDA /* SHTemporaryFile.m */; };
		FFA281BB1BDCE2270095539F /* NSString+Extension.m in Sources */ = {isa = PBXBuildFile; fileRef = FFA281BA1BDCE2270095539F /* NSString+Extension.m */; };
		FFA281BE1BDCE3DC0095539F /* MainViewController.m in Sources */ = {isa = PBXBuildFile; fileRef = FFA281BD1BDCE3DC0095539F /* MainViewController.m */; };
		FFA281C11BDCE6930095539F /* UIColor+Hex.m in Sources */ = {isa = PBXBuildFile; fileRef = FFA281C01BDCE6930095539F /* UIColor+Hex.m */; };
		FFC30B631BDCB52100D89D62 /* main.m in Sources */ = {isa = PBXBuildFile; fileRef = FFC30B621BDCB52100D89D62 /* main.m */; };
		FFC30B661BDCB52100D89D62 /* AppDelegate.m in Sources */ = {isa = PBXBuildFile; fileRef = FFC30B651BDCB52100D89D62 /* AppDelegate.m */; };
		FFC30B6C1BDCB52100D89D62 /* Main.storyboard in Resources */ = {isa = PBXBuildFile; fileRef = FFC30B6A1BDCB52100D89D62 /* Main.storyboard */; };
		FFC30B6E1BDCB52100D89D62 /* Assets.xcassets in Resources */ = {isa = PBXBuildFile; fileRef = FFC30B6D1BDCB52100D89D62 /* Assets.xcassets */; };
		FFC30B711BDCB52100D89D62 /* LaunchScreen.storyboard in Resources */ = {isa = PBXBuildFile; fileRef = FFC30B6F1BDCB52100D89D62 /* LaunchScreen.storyboard */; };
		FFC30B7B1BDCB95100D89D62 /* HBaseCell.m in Sources */ = {isa = PBXBuildFile; fileRef = FFC30B7A1BDCB95100D89D62 /* HBaseCell.m */; };
		FFD8B9A21BE1271E0041EBE6 /* BaseViewController.m in Sources */ = {isa = PBXBuildFile; fileRef = FFD8B9A11BE1271E0041EBE6 /* BaseViewController.m */; };
		FFD8B9A51BE128CE0041EBE6 /* IntroViewController.m in Sources */ = {isa = PBXBuildFile; fileRef = FFD8B9A41BE128CE0041EBE6 /* IntroViewController.m */; };
		FFDCC4961BE1304B002CCAB9 /* WebViewDetailController.m in Sources */ = {isa = PBXBuildFile; fileRef = FFDCC4951BE1304B002CCAB9 /* WebViewDetailController.m */; };
		FFDCC49B1BE270FC002CCAB9 /* HTypeCell.m in Sources */ = {isa = PBXBuildFile; fileRef = FFDCC49A1BE270FC002CCAB9 /* HTypeCell.m */; };
/* End PBXBuildFile section */

/* Begin PBXFileReference section */
		1C59895F6647A2FA57E6C1FF /* Pods.release.xcconfig */ = {isa = PBXFileReference; includeInIndex = 1; lastKnownFileType = text.xcconfig; name = Pods.release.xcconfig; path = "Pods/Target Support Files/Pods/Pods.release.xcconfig"; sourceTree = "<group>"; };
		1D982BA01C1051EA008321C6 /* LeftSortsViewController.h */ = {isa = PBXFileReference; fileEncoding = 4; lastKnownFileType = sourcecode.c.h; path = LeftSortsViewController.h; sourceTree = "<group>"; };
		1D982BA11C1051EA008321C6 /* LeftSortsViewController.m */ = {isa = PBXFileReference; fileEncoding = 4; lastKnownFileType = sourcecode.c.objc; path = LeftSortsViewController.m; sourceTree = "<group>"; };
		1D982BA51C1054B7008321C6 /* LeftSlideViewController.h */ = {isa = PBXFileReference; fileEncoding = 4; lastKnownFileType = sourcecode.c.h; path = LeftSlideViewController.h; sourceTree = "<group>"; };
		1D982BA61C1054B7008321C6 /* LeftSlideViewController.m */ = {isa = PBXFileReference; fileEncoding = 4; lastKnownFileType = sourcecode.c.objc; path = LeftSlideViewController.m; sourceTree = "<group>"; };
		1D982BA71C1054B7008321C6 /* UIView_extra.h */ = {isa = PBXFileReference; fileEncoding = 4; lastKnownFileType = sourcecode.c.h; name = UIView_extra.h; path = ../UIView_extra.h; sourceTree = "<group>"; };
		1D982BA81C1054B7008321C6 /* UIView_extra.m */ = {isa = PBXFileReference; fileEncoding = 4; lastKnownFileType = sourcecode.c.objc; name = UIView_extra.m; path = ../UIView_extra.m; sourceTree = "<group>"; };
		1DA192BE1C12C028008CB4A5 /* UIDevice+Orientation.h */ = {isa = PBXFileReference; fileEncoding = 4; lastKnownFileType = sourcecode.c.h; path = "UIDevice+Orientation.h"; sourceTree = "<group>"; };
		1DA192BF1C12C028008CB4A5 /* UIDevice+Orientation.m */ = {isa = PBXFileReference; fileEncoding = 4; lastKnownFileType = sourcecode.c.objc; path = "UIDevice+Orientation.m"; sourceTree = "<group>"; };
		1DA192C11C12C82D008CB4A5 /* WebViewController.h */ = {isa = PBXFileReference; fileEncoding = 4; lastKnownFileType = sourcecode.c.h; path = WebViewController.h; sourceTree = "<group>"; };
		1DA192C21C12C82D008CB4A5 /* WebViewController.m */ = {isa = PBXFileReference; fileEncoding = 4; lastKnownFileType = sourcecode.c.objc; path = WebViewController.m; sourceTree = "<group>"; };
		1DA192C51C12CBE5008CB4A5 /* AGDragView.h */ = {isa = PBXFileReference; fileEncoding = 4; lastKnownFileType = sourcecode.c.h; path = AGDragView.h; sourceTree = "<group>"; };
		1DA192C61C12CBE5008CB4A5 /* AGDragView.m */ = {isa = PBXFileReference; fileEncoding = 4; lastKnownFileType = sourcecode.c.objc; path = AGDragView.m; sourceTree = "<group>"; };
		317941FEB199D8DF7C8D94B2 /* Pods.framework */ = {isa = PBXFileReference; explicitFileType = wrapper.framework; includeInIndex = 0; path = Pods.framework; sourceTree = BUILT_PRODUCTS_DIR; };
		399DFCCFE63ACE241A2D3D6E /* Pods.debug.xcconfig */ = {isa = PBXFileReference; includeInIndex = 1; lastKnownFileType = text.xcconfig; name = Pods.debug.xcconfig; path = "Pods/Target Support Files/Pods/Pods.debug.xcconfig"; sourceTree = "<group>"; };
		FF28B72A1BDCF4A60054C7B4 /* HttpClient.h */ = {isa = PBXFileReference; fileEncoding = 4; lastKnownFileType = sourcecode.c.h; path = HttpClient.h; sourceTree = "<group>"; };
		FF28B72B1BDCF4A60054C7B4 /* HttpClient.m */ = {isa = PBXFileReference; fileEncoding = 4; lastKnownFileType = sourcecode.c.objc; path = HttpClient.m; sourceTree = "<group>"; };
		FF28B7301BDD0F6A0054C7B4 /* HPublicMethod.h */ = {isa = PBXFileReference; fileEncoding = 4; lastKnownFileType = sourcecode.c.h; path = HPublicMethod.h; sourceTree = "<group>"; };
		FF28B7311BDD0F6A0054C7B4 /* HPublicMethod.m */ = {isa = PBXFileReference; fileEncoding = 4; lastKnownFileType = sourcecode.c.objc; path = HPublicMethod.m; sourceTree = "<group>"; };
		FF2B937C1BE479E00014DF39 /* NavPlayButton.h */ = {isa = PBXFileReference; fileEncoding = 4; lastKnownFileType = sourcecode.c.h; path = NavPlayButton.h; sourceTree = "<group>"; };
		FF2B937D1BE479E00014DF39 /* NavPlayButton.m */ = {isa = PBXFileReference; fileEncoding = 4; lastKnownFileType = sourcecode.c.objc; path = NavPlayButton.m; sourceTree = "<group>"; };
		FF56086A1BE5F1FE00BE2EDA /* SHDocumentsFile.h */ = {isa = PBXFileReference; fileEncoding = 4; lastKnownFileType = sourcecode.c.h; path = SHDocumentsFile.h; sourceTree = "<group>"; };
		FF56086B1BE5F1FE00BE2EDA /* SHDocumentsFile.m */ = {isa = PBXFileReference; fileEncoding = 4; lastKnownFileType = sourcecode.c.objc; path = SHDocumentsFile.m; sourceTree = "<group>"; };
		FF56086C1BE5F1FE00BE2EDA /* SHDownloader.h */ = {isa = PBXFileReference; fileEncoding = 4; lastKnownFileType = sourcecode.c.h; path = SHDownloader.h; sourceTree = "<group>"; };
		FF56086D1BE5F1FE00BE2EDA /* SHDownloader.m */ = {isa = PBXFileReference; fileEncoding = 4; lastKnownFileType = sourcecode.c.objc; path = SHDownloader.m; sourceTree = "<group>"; };
		FF56086E1BE5F1FE00BE2EDA /* SHFile.h */ = {isa = PBXFileReference; fileEncoding = 4; lastKnownFileType = sourcecode.c.h; path = SHFile.h; sourceTree = "<group>"; };
		FF56086F1BE5F1FE00BE2EDA /* SHFile.m */ = {isa = PBXFileReference; fileEncoding = 4; lastKnownFileType = sourcecode.c.objc; path = SHFile.m; sourceTree = "<group>"; };
		FF5608701BE5F1FE00BE2EDA /* SHTemporaryFile.h */ = {isa = PBXFileReference; fileEncoding = 4; lastKnownFileType = sourcecode.c.h; path = SHTemporaryFile.h; sourceTree = "<group>"; };
		FF5608711BE5F1FE00BE2EDA /* SHTemporaryFile.m */ = {isa = PBXFileReference; fileEncoding = 4; lastKnownFileType = sourcecode.c.objc; path = SHTemporaryFile.m; sourceTree = "<group>"; };
		FFA281B91BDCE2270095539F /* NSString+Extension.h */ = {isa = PBXFileReference; fileEncoding = 4; lastKnownFileType = sourcecode.c.h; path = "NSString+Extension.h"; sourceTree = "<group>"; };
		FFA281BA1BDCE2270095539F /* NSString+Extension.m */ = {isa = PBXFileReference; fileEncoding = 4; lastKnownFileType = sourcecode.c.objc; path = "NSString+Extension.m"; sourceTree = "<group>"; };
		FFA281BC1BDCE3DC0095539F /* MainViewController.h */ = {isa = PBXFileReference; fileEncoding = 4; lastKnownFileType = sourcecode.c.h; path = MainViewController.h; sourceTree = "<group>"; };
		FFA281BD1BDCE3DC0095539F /* MainViewController.m */ = {isa = PBXFileReference; fileEncoding = 4; lastKnownFileType = sourcecode.c.objc; path = MainViewController.m; sourceTree = "<group>"; };
		FFA281BF1BDCE6930095539F /* UIColor+Hex.h */ = {isa = PBXFileReference; fileEncoding = 4; lastKnownFileType = sourcecode.c.h; path = "UIColor+Hex.h"; sourceTree = "<group>"; };
		FFA281C01BDCE6930095539F /* UIColor+Hex.m */ = {isa = PBXFileReference; fileEncoding = 4; lastKnownFileType = sourcecode.c.objc; path = "UIColor+Hex.m"; sourceTree = "<group>"; };
		FFC30B5E1BDCB52100D89D62 /* 中医养生.app */ = {isa = PBXFileReference; explicitFileType = wrapper.application; includeInIndex = 0; path = "中医养生.app"; sourceTree = BUILT_PRODUCTS_DIR; };
		FFC30B621BDCB52100D89D62 /* main.m */ = {isa = PBXFileReference; lastKnownFileType = sourcecode.c.objc; path = main.m; sourceTree = "<group>"; };
		FFC30B641BDCB52100D89D62 /* AppDelegate.h */ = {isa = PBXFileReference; lastKnownFileType = sourcecode.c.h; path = AppDelegate.h; sourceTree = "<group>"; };
		FFC30B651BDCB52100D89D62 /* AppDelegate.m */ = {isa = PBXFileReference; lastKnownFileType = sourcecode.c.objc; path = AppDelegate.m; sourceTree = "<group>"; };
		FFC30B6B1BDCB52100D89D62 /* Base */ = {isa = PBXFileReference; lastKnownFileType = file.storyboard; name = Base; path = Base.lproj/Main.storyboard; sourceTree = "<group>"; };
		FFC30B6D1BDCB52100D89D62 /* Assets.xcassets */ = {isa = PBXFileReference; lastKnownFileType = folder.assetcatalog; path = Assets.xcassets; sourceTree = "<group>"; };
		FFC30B701BDCB52100D89D62 /* Base */ = {isa = PBXFileReference; lastKnownFileType = file.storyboard; name = Base; path = Base.lproj/LaunchScreen.storyboard; sourceTree = "<group>"; };
		FFC30B721BDCB52100D89D62 /* Info.plist */ = {isa = PBXFileReference; lastKnownFileType = text.plist.xml; path = Info.plist; sourceTree = "<group>"; };
		FFC30B791BDCB95100D89D62 /* HBaseCell.h */ = {isa = PBXFileReference; fileEncoding = 4; lastKnownFileType = sourcecode.c.h; path = HBaseCell.h; sourceTree = "<group>"; };
		FFC30B7A1BDCB95100D89D62 /* HBaseCell.m */ = {isa = PBXFileReference; fileEncoding = 4; lastKnownFileType = sourcecode.c.objc; path = HBaseCell.m; sourceTree = "<group>"; };
		FFC30B7F1BDCB9B200D89D62 /* HPublic.h */ = {isa = PBXFileReference; lastKnownFileType = sourcecode.c.h; path = HPublic.h; sourceTree = "<group>"; };
		FFD8B9A01BE1271E0041EBE6 /* BaseViewController.h */ = {isa = PBXFileReference; fileEncoding = 4; lastKnownFileType = sourcecode.c.h; path = BaseViewController.h; sourceTree = "<group>"; };
		FFD8B9A11BE1271E0041EBE6 /* BaseViewController.m */ = {isa = PBXFileReference; fileEncoding = 4; lastKnownFileType = sourcecode.c.objc; path = BaseViewController.m; sourceTree = "<group>"; };
		FFD8B9A31BE128CE0041EBE6 /* IntroViewController.h */ = {isa = PBXFileReference; fileEncoding = 4; lastKnownFileType = sourcecode.c.h; path = IntroViewController.h; sourceTree = "<group>"; };
		FFD8B9A41BE128CE0041EBE6 /* IntroViewController.m */ = {isa = PBXFileReference; fileEncoding = 4; lastKnownFileType = sourcecode.c.objc; path = IntroViewController.m; sourceTree = "<group>"; };
		FFDCC4941BE1304B002CCAB9 /* WebViewDetailController.h */ = {isa = PBXFileReference; fileEncoding = 4; lastKnownFileType = sourcecode.c.h; path = WebViewDetailController.h; sourceTree = "<group>"; };
		FFDCC4951BE1304B002CCAB9 /* WebViewDetailController.m */ = {isa = PBXFileReference; fileEncoding = 4; lastKnownFileType = sourcecode.c.objc; path = WebViewDetailController.m; sourceTree = "<group>"; };
		FFDCC4991BE270FC002CCAB9 /* HTypeCell.h */ = {isa = PBXFileReference; fileEncoding = 4; lastKnownFileType = sourcecode.c.h; path = HTypeCell.h; sourceTree = "<group>"; };
		FFDCC49A1BE270FC002CCAB9 /* HTypeCell.m */ = {isa = PBXFileReference; fileEncoding = 4; lastKnownFileType = sourcecode.c.objc; path = HTypeCell.m; sourceTree = "<group>"; };
/* End PBXFileReference section */

/* Begin PBXFrameworksBuildPhase section */
		FFC30B5B1BDCB52100D89D62 /* Frameworks */ = {
			isa = PBXFrameworksBuildPhase;
			buildActionMask = 2147483647;
			files = (
				EB5B51A0AD174BB0F2245585 /* Pods.framework in Frameworks */,
			);
			runOnlyForDeploymentPostprocessing = 0;
		};
/* End PBXFrameworksBuildPhase section */

/* Begin PBXGroup section */
		1D982BA31C105433008321C6 /* controller */ = {
			isa = PBXGroup;
			children = (
				1D982BA51C1054B7008321C6 /* LeftSlideViewController.h */,
				1D982BA61C1054B7008321C6 /* LeftSlideViewController.m */,
				FFD8B9A01BE1271E0041EBE6 /* BaseViewController.h */,
				FFD8B9A11BE1271E0041EBE6 /* BaseViewController.m */,
				1D982BA01C1051EA008321C6 /* LeftSortsViewController.h */,
				1D982BA11C1051EA008321C6 /* LeftSortsViewController.m */,
				FFA281BC1BDCE3DC0095539F /* MainViewController.h */,
				FFA281BD1BDCE3DC0095539F /* MainViewController.m */,
				1DA192C11C12C82D008CB4A5 /* WebViewController.h */,
				1DA192C21C12C82D008CB4A5 /* WebViewController.m */,
				FFD8B9A31BE128CE0041EBE6 /* IntroViewController.h */,
				FFD8B9A41BE128CE0041EBE6 /* IntroViewController.m */,
				FFDCC4941BE1304B002CCAB9 /* WebViewDetailController.h */,
				FFDCC4951BE1304B002CCAB9 /* WebViewDetailController.m */,
			);
			name = controller;
			sourceTree = "<group>";
		};
		1D982BA41C10544F008321C6 /* comm */ = {
			isa = PBXGroup;
			children = (
				FFC30B7F1BDCB9B200D89D62 /* HPublic.h */,
				FF28B72A1BDCF4A60054C7B4 /* HttpClient.h */,
				FF28B72B1BDCF4A60054C7B4 /* HttpClient.m */,
				FF28B7301BDD0F6A0054C7B4 /* HPublicMethod.h */,
				FF28B7311BDD0F6A0054C7B4 /* HPublicMethod.m */,
				1DA192BE1C12C028008CB4A5 /* UIDevice+Orientation.h */,
				1DA192BF1C12C028008CB4A5 /* UIDevice+Orientation.m */,
			);
			name = comm;
			sourceTree = "<group>";
		};
		1DA192C41C12CBE5008CB4A5 /* AGDragView */ = {
			isa = PBXGroup;
			children = (
				1DA192C51C12CBE5008CB4A5 /* AGDragView.h */,
				1DA192C61C12CBE5008CB4A5 /* AGDragView.m */,
			);
			path = AGDragView;
			sourceTree = "<group>";
		};
		B18E3907ACF8E810663E1D2B /* Pods */ = {
			isa = PBXGroup;
			children = (
				399DFCCFE63ACE241A2D3D6E /* Pods.debug.xcconfig */,
				1C59895F6647A2FA57E6C1FF /* Pods.release.xcconfig */,
			);
			name = Pods;
			sourceTree = "<group>";
		};
		E94E6733C7865BDC5520F022 /* Frameworks */ = {
			isa = PBXGroup;
			children = (
				317941FEB199D8DF7C8D94B2 /* Pods.framework */,
			);
			name = Frameworks;
			sourceTree = "<group>";
		};
		FF5608691BE5F1FE00BE2EDA /* SHFile */ = {
			isa = PBXGroup;
			children = (
				FF56086A1BE5F1FE00BE2EDA /* SHDocumentsFile.h */,
				FF56086B1BE5F1FE00BE2EDA /* SHDocumentsFile.m */,
				FF56086C1BE5F1FE00BE2EDA /* SHDownloader.h */,
				FF56086D1BE5F1FE00BE2EDA /* SHDownloader.m */,
				FF56086E1BE5F1FE00BE2EDA /* SHFile.h */,
				FF56086F1BE5F1FE00BE2EDA /* SHFile.m */,
				FF5608701BE5F1FE00BE2EDA /* SHTemporaryFile.h */,
				FF5608711BE5F1FE00BE2EDA /* SHTemporaryFile.m */,
			);
			path = SHFile;
			sourceTree = "<group>";
		};
		FFC30B551BDCB52100D89D62 = {
			isa = PBXGroup;
			children = (
				FFC30B601BDCB52100D89D62 /* health */,
				FFC30B5F1BDCB52100D89D62 /* Products */,
				B18E3907ACF8E810663E1D2B /* Pods */,
				E94E6733C7865BDC5520F022 /* Frameworks */,
			);
			sourceTree = "<group>";
		};
		FFC30B5F1BDCB52100D89D62 /* Products */ = {
			isa = PBXGroup;
			children = (
				FFC30B5E1BDCB52100D89D62 /* 中医养生.app */,
			);
			name = Products;
			sourceTree = "<group>";
		};
		FFC30B601BDCB52100D89D62 /* health */ = {
			isa = PBXGroup;
			children = (
				1DA192C41C12CBE5008CB4A5 /* AGDragView */,
				1D982BA41C10544F008321C6 /* comm */,
				1D982BA31C105433008321C6 /* controller */,
				FF5608691BE5F1FE00BE2EDA /* SHFile */,
				FFC30B801BDCC16100D89D62 /* category */,
				FFC30B781BDCB92700D89D62 /* view */,
				FFC30B641BDCB52100D89D62 /* AppDelegate.h */,
				FFC30B651BDCB52100D89D62 /* AppDelegate.m */,
				FFC30B6A1BDCB52100D89D62 /* Main.storyboard */,
				FFC30B6D1BDCB52100D89D62 /* Assets.xcassets */,
				FFC30B6F1BDCB52100D89D62 /* LaunchScreen.storyboard */,
				FFC30B721BDCB52100D89D62 /* Info.plist */,
				FFC30B611BDCB52100D89D62 /* Supporting Files */,
			);
			path = health;
			sourceTree = "<group>";
		};
		FFC30B611BDCB52100D89D62 /* Supporting Files */ = {
			isa = PBXGroup;
			children = (
				FFC30B621BDCB52100D89D62 /* main.m */,
			);
			name = "Supporting Files";
			sourceTree = "<group>";
		};
		FFC30B781BDCB92700D89D62 /* view */ = {
			isa = PBXGroup;
			children = (
				FF2B937C1BE479E00014DF39 /* NavPlayButton.h */,
				FF2B937D1BE479E00014DF39 /* NavPlayButton.m */,
				FFC30B791BDCB95100D89D62 /* HBaseCell.h */,
				FFC30B7A1BDCB95100D89D62 /* HBaseCell.m */,
				FFDCC4991BE270FC002CCAB9 /* HTypeCell.h */,
				FFDCC49A1BE270FC002CCAB9 /* HTypeCell.m */,
				1D982BA71C1054B7008321C6 /* UIView_extra.h */,
				1D982BA81C1054B7008321C6 /* UIView_extra.m */,
			);
			path = view;
			sourceTree = "<group>";
		};
		FFC30B801BDCC16100D89D62 /* category */ = {
			isa = PBXGroup;
			children = (
				FFA281BF1BDCE6930095539F /* UIColor+Hex.h */,
				FFA281C01BDCE6930095539F /* UIColor+Hex.m */,
				FFA281B91BDCE2270095539F /* NSString+Extension.h */,
				FFA281BA1BDCE2270095539F /* NSString+Extension.m */,
			);
			path = category;
			sourceTree = "<group>";
		};
/* End PBXGroup section */

/* Begin PBXNativeTarget section */
		FFC30B5D1BDCB52100D89D62 /* health */ = {
			isa = PBXNativeTarget;
			buildConfigurationList = FFC30B751BDCB52100D89D62 /* Build configuration list for PBXNativeTarget "health" */;
			buildPhases = (
				1D1FE9F1D55188A5E09ACD18 /* Check Pods Manifest.lock */,
				FFC30B5A1BDCB52100D89D62 /* Sources */,
				FFC30B5B1BDCB52100D89D62 /* Frameworks */,
				FFC30B5C1BDCB52100D89D62 /* Resources */,
				50A0CD785E0C7B992CB1D167 /* Copy Pods Resources */,
				A42C656EC70546E74B74FB56 /* Embed Pods Frameworks */,
			);
			buildRules = (
			);
			dependencies = (
			);
			name = health;
			productName = health;
			productReference = FFC30B5E1BDCB52100D89D62 /* 中医养生.app */;
			productType = "com.apple.product-type.application";
		};
/* End PBXNativeTarget section */

/* Begin PBXProject section */
		FFC30B561BDCB52100D89D62 /* Project object */ = {
			isa = PBXProject;
			attributes = {
				LastUpgradeCheck = 0700;
				ORGANIZATIONNAME = lizhuzhu;
				TargetAttributes = {
					FFC30B5D1BDCB52100D89D62 = {
						CreatedOnToolsVersion = 7.0.1;
						SystemCapabilities = {
							com.apple.BackgroundModes = {
								enabled = 1;
							};
						};
					};
				};
			};
			buildConfigurationList = FFC30B591BDCB52100D89D62 /* Build configuration list for PBXProject "health" */;
			compatibilityVersion = "Xcode 3.2";
			developmentRegion = English;
			hasScannedForEncodings = 0;
			knownRegions = (
				en,
				Base,
			);
			mainGroup = FFC30B551BDCB52100D89D62;
			productRefGroup = FFC30B5F1BDCB52100D89D62 /* Products */;
			projectDirPath = "";
			projectRoot = "";
			targets = (
				FFC30B5D1BDCB52100D89D62 /* health */,
			);
		};
/* End PBXProject section */

/* Begin PBXResourcesBuildPhase section */
		FFC30B5C1BDCB52100D89D62 /* Resources */ = {
			isa = PBXResourcesBuildPhase;
			buildActionMask = 2147483647;
			files = (
				FFC30B711BDCB52100D89D62 /* LaunchScreen.storyboard in Resources */,
				FFC30B6E1BDCB52100D89D62 /* Assets.xcassets in Resources */,
				FFC30B6C1BDCB52100D89D62 /* Main.storyboard in Resources */,
			);
			runOnlyForDeploymentPostprocessing = 0;
		};
/* End PBXResourcesBuildPhase section */

/* Begin PBXShellScriptBuildPhase section */
		1D1FE9F1D55188A5E09ACD18 /* Check Pods Manifest.lock */ = {
			isa = PBXShellScriptBuildPhase;
			buildActionMask = 2147483647;
			files = (
			);
			inputPaths = (
			);
			name = "Check Pods Manifest.lock";
			outputPaths = (
			);
			runOnlyForDeploymentPostprocessing = 0;
			shellPath = /bin/sh;
			shellScript = "diff \"${PODS_ROOT}/../Podfile.lock\" \"${PODS_ROOT}/Manifest.lock\" > /dev/null\nif [[ $? != 0 ]] ; then\n    cat << EOM\nerror: The sandbox is not in sync with the Podfile.lock. Run 'pod install' or update your CocoaPods installation.\nEOM\n    exit 1\nfi\n";
			showEnvVarsInLog = 0;
		};
		50A0CD785E0C7B992CB1D167 /* Copy Pods Resources */ = {
			isa = PBXShellScriptBuildPhase;
			buildActionMask = 2147483647;
			files = (
			);
			inputPaths = (
			);
			name = "Copy Pods Resources";
			outputPaths = (
			);
			runOnlyForDeploymentPostprocessing = 0;
			shellPath = /bin/sh;
			shellScript = "\"${SRCROOT}/Pods/Target Support Files/Pods/Pods-resources.sh\"\n";
			showEnvVarsInLog = 0;
		};
		A42C656EC70546E74B74FB56 /* Embed Pods Frameworks */ = {
			isa = PBXShellScriptBuildPhase;
			buildActionMask = 2147483647;
			files = (
			);
			inputPaths = (
			);
			name = "Embed Pods Frameworks";
			outputPaths = (
			);
			runOnlyForDeploymentPostprocessing = 0;
			shellPath = /bin/sh;
			shellScript = "\"${SRCROOT}/Pods/Target Support Files/Pods/Pods-frameworks.sh\"\n";
			showEnvVarsInLog = 0;
		};
/* End PBXShellScriptBuildPhase section */

/* Begin PBXSourcesBuildPhase section */
		FFC30B5A1BDCB52100D89D62 /* Sources */ = {
			isa = PBXSourcesBuildPhase;
			buildActionMask = 2147483647;
			files = (
				FFA281BB1BDCE2270095539F /* NSString+Extension.m in Sources */,
				1DA192C71C12CBE5008CB4A5 /* AGDragView.m in Sources */,
				FF28B72C1BDCF4A60054C7B4 /* HttpClient.m in Sources */,
				1D982BAA1C1054B7008321C6 /* UIView_extra.m in Sources */,
				FF5608741BE5F1FE00BE2EDA /* SHFile.m in Sources */,
				FFC30B7B1BDCB95100D89D62 /* HBaseCell.m in Sources */,
				1D982BA21C1051EA008321C6 /* LeftSortsViewController.m in Sources */,
				FFD8B9A51BE128CE0041EBE6 /* IntroViewController.m in Sources */,
				FF5608721BE5F1FE00BE2EDA /* SHDocumentsFile.m in Sources */,
				FF5608751BE5F1FE00BE2EDA /* SHTemporaryFile.m in Sources */,
				FFC30B661BDCB52100D89D62 /* AppDelegate.m in Sources */,
				1DA192C01C12C028008CB4A5 /* UIDevice+Orientation.m in Sources */,
				FFDCC49B1BE270FC002CCAB9 /* HTypeCell.m in Sources */,
				1D982BA91C1054B7008321C6 /* LeftSlideViewController.m in Sources */,
				1DA192C31C12C82D008CB4A5 /* WebViewController.m in Sources */,
				FFDCC4961BE1304B002CCAB9 /* WebViewDetailController.m in Sources */,
				FFA281BE1BDCE3DC0095539F /* MainViewController.m in Sources */,
				FFA281C11BDCE6930095539F /* UIColor+Hex.m in Sources */,
				FF5608731BE5F1FE00BE2EDA /* SHDownloader.m in Sources */,
				FFD8B9A21BE1271E0041EBE6 /* BaseViewController.m in Sources */,
				FFC30B631BDCB52100D89D62 /* main.m in Sources */,
				FF28B7321BDD0F6A0054C7B4 /* HPublicMethod.m in Sources */,
				FF2B937E1BE479E00014DF39 /* NavPlayButton.m in Sources */,
			);
			runOnlyForDeploymentPostprocessing = 0;
		};
/* End PBXSourcesBuildPhase section */

/* Begin PBXVariantGroup section */
		FFC30B6A1BDCB52100D89D62 /* Main.storyboard */ = {
			isa = PBXVariantGroup;
			children = (
				FFC30B6B1BDCB52100D89D62 /* Base */,
			);
			name = Main.storyboard;
			sourceTree = "<group>";
		};
		FFC30B6F1BDCB52100D89D62 /* LaunchScreen.storyboard */ = {
			isa = PBXVariantGroup;
			children = (
				FFC30B701BDCB52100D89D62 /* Base */,
			);
			name = LaunchScreen.storyboard;
			sourceTree = "<group>";
		};
/* End PBXVariantGroup section */

/* Begin XCBuildConfiguration section */
		FFC30B731BDCB52100D89D62 /* Debug */ = {
			isa = XCBuildConfiguration;
			buildSettings = {
				ALWAYS_SEARCH_USER_PATHS = NO;
				CLANG_CXX_LANGUAGE_STANDARD = "gnu++0x";
				CLANG_CXX_LIBRARY = "libc++";
				CLANG_ENABLE_MODULES = YES;
				CLANG_ENABLE_OBJC_ARC = YES;
				CLANG_WARN_BOOL_CONVERSION = YES;
				CLANG_WARN_CONSTANT_CONVERSION = YES;
				CLANG_WARN_DIRECT_OBJC_ISA_USAGE = YES_ERROR;
				CLANG_WARN_EMPTY_BODY = YES;
				CLANG_WARN_ENUM_CONVERSION = YES;
				CLANG_WARN_INT_CONVERSION = YES;
				CLANG_WARN_OBJC_ROOT_CLASS = YES_ERROR;
				CLANG_WARN_UNREACHABLE_CODE = YES;
				CLANG_WARN__DUPLICATE_METHOD_MATCH = YES;
				"CODE_SIGN_IDENTITY[sdk=iphoneos*]" = "iPhone Developer";
				COPY_PHASE_STRIP = NO;
				DEBUG_INFORMATION_FORMAT = dwarf;
				ENABLE_STRICT_OBJC_MSGSEND = YES;
				ENABLE_TESTABILITY = YES;
				GCC_C_LANGUAGE_STANDARD = gnu99;
				GCC_DYNAMIC_NO_PIC = NO;
				GCC_NO_COMMON_BLOCKS = YES;
				GCC_OPTIMIZATION_LEVEL = 0;
				GCC_PREPROCESSOR_DEFINITIONS = (
					"DEBUG=1",
					"$(inherited)",
				);
				GCC_WARN_64_TO_32_BIT_CONVERSION = YES;
				GCC_WARN_ABOUT_RETURN_TYPE = YES_ERROR;
				GCC_WARN_UNDECLARED_SELECTOR = YES;
				GCC_WARN_UNINITIALIZED_AUTOS = YES_AGGRESSIVE;
				GCC_WARN_UNUSED_FUNCTION = YES;
				GCC_WARN_UNUSED_VARIABLE = YES;
				IPHONEOS_DEPLOYMENT_TARGET = 7.0;
				MTL_ENABLE_DEBUG_INFO = YES;
				ONLY_ACTIVE_ARCH = YES;
				SDKROOT = iphoneos;
				TARGETED_DEVICE_FAMILY = "1,2";
			};
			name = Debug;
		};
		FFC30B741BDCB52100D89D62 /* Release */ = {
			isa = XCBuildConfiguration;
			buildSettings = {
				ALWAYS_SEARCH_USER_PATHS = NO;
				CLANG_CXX_LANGUAGE_STANDARD = "gnu++0x";
				CLANG_CXX_LIBRARY = "libc++";
				CLANG_ENABLE_MODULES = YES;
				CLANG_ENABLE_OBJC_ARC = YES;
				CLANG_WARN_BOOL_CONVERSION = YES;
				CLANG_WARN_CONSTANT_CONVERSION = YES;
				CLANG_WARN_DIRECT_OBJC_ISA_USAGE = YES_ERROR;
				CLANG_WARN_EMPTY_BODY = YES;
				CLANG_WARN_ENUM_CONVERSION = YES;
				CLANG_WARN_INT_CONVERSION = YES;
				CLANG_WARN_OBJC_ROOT_CLASS = YES_ERROR;
				CLANG_WARN_UNREACHABLE_CODE = YES;
				CLANG_WARN__DUPLICATE_METHOD_MATCH = YES;
				"CODE_SIGN_IDENTITY[sdk=iphoneos*]" = "iPhone Developer";
				COPY_PHASE_STRIP = NO;
				DEBUG_INFORMATION_FORMAT = "dwarf-with-dsym";
				ENABLE_NS_ASSERTIONS = NO;
				ENABLE_STRICT_OBJC_MSGSEND = YES;
				GCC_C_LANGUAGE_STANDARD = gnu99;
				GCC_NO_COMMON_BLOCKS = YES;
				GCC_WARN_64_TO_32_BIT_CONVERSION = YES;
				GCC_WARN_ABOUT_RETURN_TYPE = YES_ERROR;
				GCC_WARN_UNDECLARED_SELECTOR = YES;
				GCC_WARN_UNINITIALIZED_AUTOS = YES_AGGRESSIVE;
				GCC_WARN_UNUSED_FUNCTION = YES;
				GCC_WARN_UNUSED_VARIABLE = YES;
				IPHONEOS_DEPLOYMENT_TARGET = 7.0;
				MTL_ENABLE_DEBUG_INFO = NO;
				SDKROOT = iphoneos;
				TARGETED_DEVICE_FAMILY = "1,2";
				VALIDATE_PRODUCT = YES;
			};
			name = Release;
		};
		FFC30B761BDCB52100D89D62 /* Debug */ = {
			isa = XCBuildConfiguration;
			baseConfigurationReference = 399DFCCFE63ACE241A2D3D6E /* Pods.debug.xcconfig */;
			buildSettings = {
				ASSETCATALOG_COMPILER_APPICON_NAME = AppIcon;
				ENABLE_BITCODE = NO;
				INFOPLIST_FILE = health/Info.plist;
				IPHONEOS_DEPLOYMENT_TARGET = 7.0;
				LD_RUNPATH_SEARCH_PATHS = "$(inherited) @executable_path/Frameworks";
				LINKER_DISPLAYS_MANGLED_NAMES = NO;
				PRODUCT_BUNDLE_IDENTIFIER = com.tingting.health;
				PRODUCT_NAME = "中医养生";
			};
			name = Debug;
		};
		FFC30B771BDCB52100D89D62 /* Release */ = {
			isa = XCBuildConfiguration;
			baseConfigurationReference = 1C59895F6647A2FA57E6C1FF /* Pods.release.xcconfig */;
			buildSettings = {
				ASSETCATALOG_COMPILER_APPICON_NAME = AppIcon;
				ENABLE_BITCODE = NO;
				INFOPLIST_FILE = health/Info.plist;
				IPHONEOS_DEPLOYMENT_TARGET = 7.0;
				LD_RUNPATH_SEARCH_PATHS = "$(inherited) @executable_path/Frameworks";
				LINKER_DISPLAYS_MANGLED_NAMES = NO;
				PRODUCT_BUNDLE_IDENTIFIER = com.tingting.health;
				PRODUCT_NAME = "中医养生";
			};
			name = Release;
		};
/* End XCBuildConfiguration section */

/* Begin XCConfigurationList section */
		FFC30B591BDCB52100D89D62 /* Build configuration list for PBXProject "health" */ = {
			isa = XCConfigurationList;
			buildConfigurations = (
				FFC30B731BDCB52100D89D62 /* Debug */,
				FFC30B741BDCB52100D89D62 /* Release */,
			);
			defaultConfigurationIsVisible = 0;
			defaultConfigurationName = Release;
		};
		FFC30B751BDCB52100D89D62 /* Build configuration list for PBXNativeTarget "health" */ = {
			isa = XCConfigurationList;
			buildConfigurations = (
				FFC30B761BDCB52100D89D62 /* Debug */,
				FFC30B771BDCB52100D89D62 /* Release */,
			);
			defaultConfigurationIsVisible = 0;
			defaultConfigurationName = Release;
		};
/* End XCConfigurationList section */
	};
	rootObject = FFC30B561BDCB52100D89D62 /* Project object */;
}
